
Microsoft Visual Studio Solution File, Format Version 12.00
# Visual Studio Version 17
VisualStudioVersion = 17.9.34701.34
MinimumVisualStudioVersion = 10.0.40219.1
Project("{9A19103F-16F7-4668-BE54-9A1E7A4F7556}") = "ConsoleApp20", "ConsoleApp20\ConsoleApp20.csproj", "{2599E96A-1A8D-40A5-B549-E8C14C20DEC6}"
EndProject
Global
	GlobalSection(SolutionConfigurationPlatforms) = preSolution
		Debug|Any CPU = Debug|Any CPU
		Release|Any CPU = Release|Any CPU
	EndGlobalSection
	GlobalSection(ProjectConfigurationPlatforms) = postSolution
		{2599E96A-1A8D-40A5-B549-E8C14C20DEC6}.Debug|Any CPU.ActiveCfg = Debug|Any CPU
		{2599E96A-1A8D-40A5-B549-E8C14C20DEC6}.Debug|Any CPU.Build.0 = Debug|Any CPU
		{2599E96A-1A8D-40A5-B549-E8C14C20DEC6}.Release|Any CPU.ActiveCfg = Release|Any CPU
		{2599E96A-1A8D-40A5-B549-E8C14C20DEC6}.Release|Any CPU.Build.0 = Release|Any CPU
	EndGlobalSection
	GlobalSection(SolutionProperties) = preSolution
		HideSolutionNode = FALSE
	EndGlobalSection
	GlobalSection(ExtensibilityGlobals) = postSolution
		SolutionGuid = {87DAE2D0-063C-42C9-A8EB-BB1E531B4251}
	EndGlobalSection
EndGlobal
